// !$*UTF8*$!
{
	archiveVersion = 1;
	classes = {
	};
	objectVersion = 50;
	objects = {

/* Begin PBXBuildFile section */
		D9F0B18225D8CD2D002C58B4 /* AppDelegate.swift in Sources */ = {isa = PBXBuildFile; fileRef = D9F0B18125D8CD2D002C58B4 /* AppDelegate.swift */; };
		D9F0B18425D8CD2D002C58B4 /* SceneDelegate.swift in Sources */ = {isa = PBXBuildFile; fileRef = D9F0B18325D8CD2D002C58B4 /* SceneDelegate.swift */; };
		D9F0B18625D8CD2D002C58B4 /* ViewController.swift in Sources */ = {isa = PBXBuildFile; fileRef = D9F0B18525D8CD2D002C58B4 /* ViewController.swift */; };
		D9F0B18925D8CD2D002C58B4 /* Main.storyboard in Resources */ = {isa = PBXBuildFile; fileRef = D9F0B18725D8CD2D002C58B4 /* Main.storyboard */; };
		D9F0B18B25D8CD34002C58B4 /* Assets.xcassets in Resources */ = {isa = PBXBuildFile; fileRef = D9F0B18A25D8CD34002C58B4 /* Assets.xcassets */; };
		D9F0B18E25D8CD34002C58B4 /* LaunchScreen.storyboard in Resources */ = {isa = PBXBuildFile; fileRef = D9F0B18C25D8CD34002C58B4 /* LaunchScreen.storyboard */; };
		D9F0B19725D8CF58002C58B4 /* ActreesViewController.swift in Sources */ = {isa = PBXBuildFile; fileRef = D9F0B19625D8CF58002C58B4 /* ActreesViewController.swift */; };
		D9F0B19E25D8D5B1002C58B4 /* ActreesModel.swift in Sources */ = {isa = PBXBuildFile; fileRef = D9F0B19D25D8D5B1002C58B4 /* ActreesModel.swift */; };
		D9F0B1A325D8D7B6002C58B4 /* ActreesTableViewCell.swift in Sources */ = {isa = PBXBuildFile; fileRef = D9F0B1A125D8D7B6002C58B4 /* ActreesTableViewCell.swift */; };
		D9F0B1A425D8D7B6002C58B4 /* ActreesTableViewCell.xib in Resources */ = {isa = PBXBuildFile; fileRef = D9F0B1A225D8D7B6002C58B4 /* ActreesTableViewCell.xib */; };
/* End PBXBuildFile section */

/* Begin PBXFileReference section */
		D9F0B17E25D8CD2D002C58B4 /* WorkingOnFetchingImageFromURL.app */ = {isa = PBXFileReference; explicitFileType = wrapper.application; includeInIndex = 0; path = WorkingOnFetchingImageFromURL.app; sourceTree = BUILT_PRODUCTS_DIR; };
		D9F0B18125D8CD2D002C58B4 /* AppDelegate.swift */ = {isa = PBXFileReference; lastKnownFileType = sourcecode.swift; path = AppDelegate.swift; sourceTree = "<group>"; };
		D9F0B18325D8CD2D002C58B4 /* SceneDelegate.swift */ = {isa = PBXFileReference; lastKnownFileType = sourcecode.swift; path = SceneDelegate.swift; sourceTree = "<group>"; };
		D9F0B18525D8CD2D002C58B4 /* ViewController.swift */ = {isa = PBXFileReference; lastKnownFileType = sourcecode.swift; path = ViewController.swift; sourceTree = "<group>"; };
		D9F0B18825D8CD2D002C58B4 /* Base */ = {isa = PBXFileReference; lastKnownFileType = file.storyboard; name = Base; path = Base.lproj/Main.storyboard; sourceTree = "<group>"; };
		D9F0B18A25D8CD34002C58B4 /* Assets.xcassets */ = {isa = PBXFileReference; lastKnownFileType = folder.assetcatalog; path = Assets.xcassets; sourceTree = "<group>"; };
		D9F0B18D25D8CD34002C58B4 /* Base */ = {isa = PBXFileReference; lastKnownFileType = file.storyboard; name = Base; path = Base.lproj/LaunchScreen.storyboard; sourceTree = "<group>"; };
		D9F0B18F25D8CD34002C58B4 /* Info.plist */ = {isa = PBXFileReference; lastKnownFileType = text.plist.xml; path = Info.plist; sourceTree = "<group>"; };
		D9F0B19625D8CF58002C58B4 /* ActreesViewController.swift */ = {isa = PBXFileReference; lastKnownFileType = sourcecode.swift; path = ActreesViewController.swift; sourceTree = "<group>"; };
		D9F0B19D25D8D5B1002C58B4 /* ActreesModel.swift */ = {isa = PBXFileReference; lastKnownFileType = sourcecode.swift; path = ActreesModel.swift; sourceTree = "<group>"; };
		D9F0B1A125D8D7B6002C58B4 /* ActreesTableViewCell.swift */ = {isa = PBXFileReference; lastKnownFileType = sourcecode.swift; path = ActreesTableViewCell.swift; sourceTree = "<group>"; };
		D9F0B1A225D8D7B6002C58B4 /* ActreesTableViewCell.xib */ = {isa = PBXFileReference; lastKnownFileType = file.xib; path = ActreesTableViewCell.xib; sourceTree = "<group>"; };
/* End PBXFileReference section */

/* Begin PBXFrameworksBuildPhase section */
		D9F0B17B25D8CD2D002C58B4 /* Frameworks */ = {
			isa = PBXFrameworksBuildPhase;
			buildActionMask = 2147483647;
			files = (
			);
			runOnlyForDeploymentPostprocessing = 0;
		};
/* End PBXFrameworksBuildPhase section */

/* Begin PBXGroup section */
		D9F0B17525D8CD2D002C58B4 = {
			isa = PBXGroup;
			children = (
				D9F0B18025D8CD2D002C58B4 /* WorkingOnFetchingImageFromURL */,
				D9F0B17F25D8CD2D002C58B4 /* Products */,
			);
			sourceTree = "<group>";
		};
		D9F0B17F25D8CD2D002C58B4 /* Products */ = {
			isa = PBXGroup;
			children = (
				D9F0B17E25D8CD2D002C58B4 /* WorkingOnFetchingImageFromURL.app */,
			);
			name = Products;
			sourceTree = "<group>";
		};
		D9F0B18025D8CD2D002C58B4 /* WorkingOnFetchingImageFromURL */ = {
			isa = PBXGroup;
			children = (
				D9F0B19A25D8CF88002C58B4 /* Model */,
				D9F0B19B25D8CF8F002C58B4 /* View */,
				D9F0B19925D8CF7E002C58B4 /* Controller */,
				D9F0B18125D8CD2D002C58B4 /* AppDelegate.swift */,
				D9F0B18325D8CD2D002C58B4 /* SceneDelegate.swift */,
				D9F0B18A25D8CD34002C58B4 /* Assets.xcassets */,
				D9F0B18C25D8CD34002C58B4 /* LaunchScreen.storyboard */,
				D9F0B18F25D8CD34002C58B4 /* Info.plist */,
			);
			path = WorkingOnFetchingImageFromURL;
			sourceTree = "<group>";
		};
		D9F0B19925D8CF7E002C58B4 /* Controller */ = {
			isa = PBXGroup;
			children = (
				D9F0B1A125D8D7B6002C58B4 /* ActreesTableViewCell.swift */,
				D9F0B18525D8CD2D002C58B4 /* ViewController.swift */,
				D9F0B19625D8CF58002C58B4 /* ActreesViewController.swift */,
			);
			path = Controller;
			sourceTree = "<group>";
		};
		D9F0B19A25D8CF88002C58B4 /* Model */ = {
			isa = PBXGroup;
			children = (
				D9F0B19D25D8D5B1002C58B4 /* ActreesModel.swift */,
			);
			path = Model;
			sourceTree = "<group>";
		};
		D9F0B19B25D8CF8F002C58B4 /* View */ = {
			isa = PBXGroup;
			children = (
				D9F0B18725D8CD2D002C58B4 /* Main.storyboard */,
				D9F0B1A025D8D77E002C58B4 /* ActreesTableViewCell */,
			);
			path = View;
			sourceTree = "<group>";
		};
		D9F0B1A025D8D77E002C58B4 /* ActreesTableViewCell */ = {
			isa = PBXGroup;
			children = (
				D9F0B1A225D8D7B6002C58B4 /* ActreesTableViewCell.xib */,
			);
			path = ActreesTableViewCell;
			sourceTree = "<group>";
		};
/* End PBXGroup section */

/* Begin PBXNativeTarget section */
		D9F0B17D25D8CD2D002C58B4 /* WorkingOnFetchingImageFromURL */ = {
			isa = PBXNativeTarget;
			buildConfigurationList = D9F0B19225D8CD34002C58B4 /* Build configuration list for PBXNativeTarget "WorkingOnFetchingImageFromURL" */;
			buildPhases = (
				D9F0B17A25D8CD2D002C58B4 /* Sources */,
				D9F0B17B25D8CD2D002C58B4 /* Frameworks */,
				D9F0B17C25D8CD2D002C58B4 /* Resources */,
			);
			buildRules = (
			);
			dependencies = (
			);
			name = WorkingOnFetchingImageFromURL;
			productName = WorkingOnFetchingImageFromURL;
			productReference = D9F0B17E25D8CD2D002C58B4 /* WorkingOnFetchingImageFromURL.app */;
			productType = "com.apple.product-type.application";
		};
/* End PBXNativeTarget section */

/* Begin PBXProject section */
		D9F0B17625D8CD2D002C58B4 /* Project object */ = {
			isa = PBXProject;
			attributes = {
				LastSwiftUpdateCheck = 1200;
				LastUpgradeCheck = 1200;
				TargetAttributes = {
					D9F0B17D25D8CD2D002C58B4 = {
						CreatedOnToolsVersion = 12.0.1;
					};
				};
			};
			buildConfigurationList = D9F0B17925D8CD2D002C58B4 /* Build configuration list for PBXProject "WorkingOnFetchingImageFromURL" */;
			compatibilityVersion = "Xcode 9.3";
			developmentRegion = en;
			hasScannedForEncodings = 0;
			knownRegions = (
				en,
				Base,
			);
			mainGroup = D9F0B17525D8CD2D002C58B4;
			productRefGroup = D9F0B17F25D8CD2D002C58B4 /* Products */;
			projectDirPath = "";
			projectRoot = "";
			targets = (
				D9F0B17D25D8CD2D002C58B4 /* WorkingOnFetchingImageFromURL */,
			);
		};
/* End PBXProject section */

/* Begin PBXResourcesBuildPhase section */
		D9F0B17C25D8CD2D002C58B4 /* Resources */ = {
			isa = PBXResourcesBuildPhase;
			buildActionMask = 2147483647;
			files = (
				D9F0B18E25D8CD34002C58B4 /* LaunchScreen.storyboard in Resources */,
				D9F0B18B25D8CD34002C58B4 /* Assets.xcassets in Resources */,
				D9F0B18925D8CD2D002C58B4 /* Main.storyboard in Resources */,
				D9F0B1A425D8D7B6002C58B4 /* ActreesTableViewCell.xib in Resources */,
			);
			runOnlyForDeploymentPostprocessing = 0;
		};
/* End PBXResourcesBuildPhase section */

/* Begin PBXSourcesBuildPhase section */
		D9F0B17A25D8CD2D002C58B4 /* Sources */ = {
			isa = PBXSourcesBuildPhase;
			buildActionMask = 2147483647;
			files = (
				D9F0B19725D8CF58002C58B4 /* ActreesViewController.swift in Sources */,
				D9F0B18625D8CD2D002C58B4 /* ViewController.swift in Sources */,
				D9F0B18225D8CD2D002C58B4 /* AppDelegate.swift in Sources */,
				D9F0B1A325D8D7B6002C58B4 /* ActreesTableViewCell.swift in Sources */,
				D9F0B19E25D8D5B1002C58B4 /* ActreesModel.swift in Sources */,
				D9F0B18425D8CD2D002C58B4 /* SceneDelegate.swift in Sources */,
			);
			runOnlyForDeploymentPostprocessing = 0;
		};
/* End PBXSourcesBuildPhase section */

/* Begin PBXVariantGroup section */
		D9F0B18725D8CD2D002C58B4 /* Main.storyboard */ = {
			isa = PBXVariantGroup;
			children = (
				D9F0B18825D8CD2D002C58B4 /* Base */,
			);
			name = Main.storyboard;
			sourceTree = "<group>";
		};
		D9F0B18C25D8CD34002C58B4 /* LaunchScreen.storyboard */ = {
			isa = PBXVariantGroup;
			children = (
				D9F0B18D25D8CD34002C58B4 /* Base */,
			);
			name = LaunchScreen.storyboard;
			sourceTree = "<group>";
		};
/* End PBXVariantGroup section */

/* Begin XCBuildConfiguration section */
		D9F0B19025D8CD34002C58B4 /* Debug */ = {
			isa = XCBuildConfiguration;
			buildSettings = {
				ALWAYS_SEARCH_USER_PATHS = NO;
				CLANG_ANALYZER_NONNULL = YES;
				CLANG_ANALYZER_NUMBER_OBJECT_CONVERSION = YES_AGGRESSIVE;
				CLANG_CXX_LANGUAGE_STANDARD = "gnu++14";
				CLANG_CXX_LIBRARY = "libc++";
				CLANG_ENABLE_MODULES = YES;
				CLANG_ENABLE_OBJC_ARC = YES;
				CLANG_ENABLE_OBJC_WEAK = YES;
				CLANG_WARN_BLOCK_CAPTURE_AUTORELEASING = YES;
				CLANG_WARN_BOOL_CONVERSION = YES;
				CLANG_WARN_COMMA = YES;
				CLANG_WARN_CONSTANT_CONVERSION = YES;
				CLANG_WARN_DEPRECATED_OBJC_IMPLEMENTATIONS = YES;
				CLANG_WARN_DIRECT_OBJC_ISA_USAGE = YES_ERROR;
				CLANG_WARN_DOCUMENTATION_COMMENTS = YES;
				CLANG_WARN_EMPTY_BODY = YES;
				CLANG_WARN_ENUM_CONVERSION = YES;
				CLANG_WARN_INFINITE_RECURSION = YES;
				CLANG_WARN_INT_CONVERSION = YES;
				CLANG_WARN_NON_LITERAL_NULL_CONVERSION = YES;
				CLANG_WARN_OBJC_IMPLICIT_RETAIN_SELF = YES;
				CLANG_WARN_OBJC_LITERAL_CONVERSION = YES;
				CLANG_WARN_OBJC_ROOT_CLASS = YES_ERROR;
				CLANG_WARN_QUOTED_INCLUDE_IN_FRAMEWORK_HEADER = YES;
				CLANG_WARN_RANGE_LOOP_ANALYSIS = YES;
				CLANG_WARN_STRICT_PROTOTYPES = YES;
				CLANG_WARN_SUSPICIOUS_MOVE = YES;
				CLANG_WARN_UNGUARDED_AVAILABILITY = YES_AGGRESSIVE;
				CLANG_WARN_UNREACHABLE_CODE = YES;
				CLANG_WARN__DUPLICATE_METHOD_MATCH = YES;
				COPY_PHASE_STRIP = NO;
				DEBUG_INFORMATION_FORMAT = dwarf;
				ENABLE_STRICT_OBJC_MSGSEND = YES;
				ENABLE_TESTABILITY = YES;
				GCC_C_LANGUAGE_STANDARD = gnu11;
				GCC_DYNAMIC_NO_PIC = NO;
				GCC_NO_COMMON_BLOCKS = YES;
				GCC_OPTIMIZATION_LEVEL = 0;
				GCC_PREPROCESSOR_DEFINITIONS = (
					"DEBUG=1",
					"$(inherited)",
				);
				GCC_WARN_64_TO_32_BIT_CONVERSION = YES;
				GCC_WARN_ABOUT_RETURN_TYPE = YES_ERROR;
				GCC_WARN_UNDECLARED_SELECTOR = YES;
				GCC_WARN_UNINITIALIZED_AUTOS = YES_AGGRESSIVE;
				GCC_WARN_UNUSED_FUNCTION = YES;
				GCC_WARN_UNUSED_VARIABLE = YES;
				IPHONEOS_DEPLOYMENT_TARGET = 14.0;
				MTL_ENABLE_DEBUG_INFO = INCLUDE_SOURCE;
				MTL_FAST_MATH = YES;
				ONLY_ACTIVE_ARCH = YES;
				SDKROOT = iphoneos;
				SWIFT_ACTIVE_COMPILATION_CONDITIONS = DEBUG;
				SWIFT_OPTIMIZATION_LEVEL = "-Onone";
			};
			name = Debug;
		};
		D9F0B19125D8CD34002C58B4 /* Release */ = {
			isa = XCBuildConfiguration;
			buildSettings = {
				ALWAYS_SEARCH_USER_PATHS = NO;
				CLANG_ANALYZER_NONNULL = YES;
				CLANG_ANALYZER_NUMBER_OBJECT_CONVERSION = YES_AGGRESSIVE;
				CLANG_CXX_LANGUAGE_STANDARD = "gnu++14";
				CLANG_CXX_LIBRARY = "libc++";
				CLANG_ENABLE_MODULES = YES;
				CLANG_ENABLE_OBJC_ARC = YES;
				CLANG_ENABLE_OBJC_WEAK = YES;
				CLANG_WARN_BLOCK_CAPTURE_AUTORELEASING = YES;
				CLANG_WARN_BOOL_CONVERSION = YES;
				CLANG_WARN_COMMA = YES;
				CLANG_WARN_CONSTANT_CONVERSION = YES;
				CLANG_WARN_DEPRECATED_OBJC_IMPLEMENTATIONS = YES;
				CLANG_WARN_DIRECT_OBJC_ISA_USAGE = YES_ERROR;
				CLANG_WARN_DOCUMENTATION_COMMENTS = YES;
				CLANG_WARN_EMPTY_BODY = YES;
				CLANG_WARN_ENUM_CONVERSION = YES;
				CLANG_WARN_INFINITE_RECURSION = YES;
				CLANG_WARN_INT_CONVERSION = YES;
				CLANG_WARN_NON_LITERAL_NULL_CONVERSION = YES;
				CLANG_WARN_OBJC_IMPLICIT_RETAIN_SELF = YES;
				CLANG_WARN_OBJC_LITERAL_CONVERSION = YES;
				CLANG_WARN_OBJC_ROOT_CLASS = YES_ERROR;
				CLANG_WARN_QUOTED_INCLUDE_IN_FRAMEWORK_HEADER = YES;
				CLANG_WARN_RANGE_LOOP_ANALYSIS = YES;
				CLANG_WARN_STRICT_PROTOTYPES = YES;
				CLANG_WARN_SUSPICIOUS_MOVE = YES;
				CLANG_WARN_UNGUARDED_AVAILABILITY = YES_AGGRESSIVE;
				CLANG_WARN_UNREACHABLE_CODE = YES;
				CLANG_WARN__DUPLICATE_METHOD_MATCH = YES;
				COPY_PHASE_STRIP = NO;
				DEBUG_INFORMATION_FORMAT = "dwarf-with-dsym";
				ENABLE_NS_ASSERTIONS = NO;
				ENABLE_STRICT_OBJC_MSGSEND = YES;
				GCC_C_LANGUAGE_STANDARD = gnu11;
				GCC_NO_COMMON_BLOCKS = YES;
				GCC_WARN_64_TO_32_BIT_CONVERSION = YES;
				GCC_WARN_ABOUT_RETURN_TYPE = YES_ERROR;
				GCC_WARN_UNDECLARED_SELECTOR = YES;
				GCC_WARN_UNINITIALIZED_AUTOS = YES_AGGRESSIVE;
				GCC_WARN_UNUSED_FUNCTION = YES;
				GCC_WARN_UNUSED_VARIABLE = YES;
				IPHONEOS_DEPLOYMENT_TARGET = 14.0;
				MTL_ENABLE_DEBUG_INFO = NO;
				MTL_FAST_MATH = YES;
				SDKROOT = iphoneos;
				SWIFT_COMPILATION_MODE = wholemodule;
				SWIFT_OPTIMIZATION_LEVEL = "-O";
				VALIDATE_PRODUCT = YES;
			};
			name = Release;
		};
		D9F0B19325D8CD34002C58B4 /* Debug */ = {
			isa = XCBuildConfiguration;
			buildSettings = {
				ASSETCATALOG_COMPILER_APPICON_NAME = AppIcon;
				ASSETCATALOG_COMPILER_GLOBAL_ACCENT_COLOR_NAME = AccentColor;
				CODE_SIGN_STYLE = Automatic;
				INFOPLIST_FILE = WorkingOnFetchingImageFromURL/Info.plist;
				LD_RUNPATH_SEARCH_PATHS = (
					"$(inherited)",
					"@executable_path/Frameworks",
				);
				PRODUCT_BUNDLE_IDENTIFIER = pus.WorkingOnFetchingImageFromURL;
				PRODUCT_NAME = "$(TARGET_NAME)";
				SWIFT_VERSION = 5.0;
				TARGETED_DEVICE_FAMILY = "1,2";
			};
			name = Debug;
		};
		D9F0B19425D8CD34002C58B4 /* Release */ = {
			isa = XCBuildConfiguration;
			buildSettings = {
				ASSETCATALOG_COMPILER_APPICON_NAME = AppIcon;
				ASSETCATALOG_COMPILER_GLOBAL_ACCENT_COLOR_NAME = AccentColor;
				CODE_SIGN_STYLE = Automatic;
				INFOPLIST_FILE = WorkingOnFetchingImageFromURL/Info.plist;
				LD_RUNPATH_SEARCH_PATHS = (
					"$(inherited)",
					"@executable_path/Frameworks",
				);
				PRODUCT_BUNDLE_IDENTIFIER = pus.WorkingOnFetchingImageFromURL;
				PRODUCT_NAME = "$(TARGET_NAME)";
				SWIFT_VERSION = 5.0;
				TARGETED_DEVICE_FAMILY = "1,2";
			};
			name = Release;
		};
/* End XCBuildConfiguration section */

/* Begin XCConfigurationList section */
		D9F0B17925D8CD2D002C58B4 /* Build configuration list for PBXProject "WorkingOnFetchingImageFromURL" */ = {
			isa = XCConfigurationList;
			buildConfigurations = (
				D9F0B19025D8CD34002C58B4 /* Debug */,
				D9F0B19125D8CD34002C58B4 /* Release */,
			);
			defaultConfigurationIsVisible = 0;
			defaultConfigurationName = Release;
		};
		D9F0B19225D8CD34002C58B4 /* Build configuration list for PBXNativeTarget "WorkingOnFetchingImageFromURL" */ = {
			isa = XCConfigurationList;
			buildConfigurations = (
				D9F0B19325D8CD34002C58B4 /* Debug */,
				D9F0B19425D8CD34002C58B4 /* Release */,
			);
			defaultConfigurationIsVisible = 0;
			defaultConfigurationName = Release;
		};
/* End XCConfigurationList section */
	};
	rootObject = D9F0B17625D8CD2D002C58B4 /* Project object */;
}
